
Microsoft Visual Studio Solution File, Format Version 12.00
# Visual Studio Version 17
VisualStudioVersion = 17.7.34202.233
MinimumVisualStudioVersion = 10.0.40219.1
Project("{8BC9CEB8-8B4A-11D0-8D11-00A0C91BC942}") = "3번", "3번\3번.vcxproj", "{19C51F79-7559-47F5-8F24-37C56DB2871B}"
EndProject
Global
	GlobalSection(SolutionConfigurationPlatforms) = preSolution
		Debug|x64 = Debug|x64
		Debug|x86 = Debug|x86
		Release|x64 = Release|x64
		Release|x86 = Release|x86
	EndGlobalSection
	GlobalSection(ProjectConfigurationPlatforms) = postSolution
		{19C51F79-7559-47F5-8F24-37C56DB2871B}.Debug|x64.ActiveCfg = Debug|x64
		{19C51F79-7559-47F5-8F24-37C56DB2871B}.Debug|x64.Build.0 = Debug|x64
		{19C51F79-7559-47F5-8F24-37C56DB2871B}.Debug|x86.ActiveCfg = Debug|Win32
		{19C51F79-7559-47F5-8F24-37C56DB2871B}.Debug|x86.Build.0 = Debug|Win32
		{19C51F79-7559-47F5-8F24-37C56DB2871B}.Release|x64.ActiveCfg = Release|x64
		{19C51F79-7559-47F5-8F24-37C56DB2871B}.Release|x64.Build.0 = Release|x64
		{19C51F79-7559-47F5-8F24-37C56DB2871B}.Release|x86.ActiveCfg = Release|Win32
		{19C51F79-7559-47F5-8F24-37C56DB2871B}.Release|x86.Build.0 = Release|Win32
	EndGlobalSection
	GlobalSection(SolutionProperties) = preSolution
		HideSolutionNode = FALSE
	EndGlobalSection
	GlobalSection(ExtensibilityGlobals) = postSolution
		SolutionGuid = {7B13D59C-1E50-484F-80FB-9D22DB4F5B68}
	EndGlobalSection
EndGlobal
